
Microsoft Visual Studio Solution File, Format Version 12.00
# Visual Studio Version 16
VisualStudioVersion = 16.0.33214.272
MinimumVisualStudioVersion = 10.0.40219.1
Project("{9A19103F-16F7-4668-BE54-9A1E7A4F7556}") = "Mission8_Group14", "Mission8_Group14.csproj", "{035AEA2A-6224-4018-8397-0F2E122F1612}"
EndProject
Global
	GlobalSection(SolutionConfigurationPlatforms) = preSolution
		Debug|Any CPU = Debug|Any CPU
		Release|Any CPU = Release|Any CPU
	EndGlobalSection
	GlobalSection(ProjectConfigurationPlatforms) = postSolution
		{035AEA2A-6224-4018-8397-0F2E122F1612}.Debug|Any CPU.ActiveCfg = Debug|Any CPU
		{035AEA2A-6224-4018-8397-0F2E122F1612}.Debug|Any CPU.Build.0 = Debug|Any CPU
		{035AEA2A-6224-4018-8397-0F2E122F1612}.Release|Any CPU.ActiveCfg = Release|Any CPU
		{035AEA2A-6224-4018-8397-0F2E122F1612}.Release|Any CPU.Build.0 = Release|Any CPU
	EndGlobalSection
	GlobalSection(SolutionProperties) = preSolution
		HideSolutionNode = FALSE
	EndGlobalSection
	GlobalSection(ExtensibilityGlobals) = postSolution
		SolutionGuid = {8FFC2A9C-74B6-43DF-8516-379A5A4DFB10}
	EndGlobalSection
EndGlobal
